PODS:
  - AFNetworking (3.2.0):
    - AFNetworking/NSURLSession (= 3.2.0)
    - AFNetworking/Reachability (= 3.2.0)
    - AFNetworking/Security (= 3.2.0)
    - AFNetworking/Serialization (= 3.2.0)
    - AFNetworking/UIKit (= 3.2.0)
  - AFNetworking/NSURLSession (3.2.0):
    - AFNetworking/Reachability
    - AFNetworking/Security
    - AFNetworking/Serialization
  - AFNetworking/Reachability (3.2.0)
  - AFNetworking/Security (3.2.0)
  - AFNetworking/Serialization (3.2.0)
  - AFNetworking/UIKit (3.2.0):
    - AFNetworking/NSURLSession
  - BlocksKit (2.2.5):
    - BlocksKit/All (= 2.2.5)
  - BlocksKit/All (2.2.5):
    - BlocksKit/Core
    - BlocksKit/DynamicDelegate
    - BlocksKit/MessageUI
    - BlocksKit/UIKit
  - BlocksKit/Core (2.2.5)
  - BlocksKit/DynamicDelegate (2.2.5)
  - BlocksKit/MessageUI (2.2.5):
    - BlocksKit/Core
    - BlocksKit/DynamicDelegate
  - BlocksKit/UIKit (2.2.5):
    - BlocksKit/Core
    - BlocksKit/DynamicDelegate
  - Bugly (2.4.7)
  - Google-Mobile-Ads-SDK (7.28.0)
  - GTSDK (2.2.0.0)
  - IQKeyboardManager (5.0.7)
  - JSDecoupledAppDelegate (1.1.0)
  - Mangogo (1.0.1)
  - Masonry (1.1.0)
  - MJRefresh (3.1.15.1)
  - ReactiveObjC (3.1.0)

DEPENDENCIES:
  - AFNetworking (~> 3.0)
  - BlocksKit
  - Bugly (= 2.4.7)
  - Google-Mobile-Ads-SDK
  - GTSDK (= 2.2.0.0)
  - IQKeyboardManager
  - JSDecoupledAppDelegate (~> 1.1.0)
  - Mangogo
  - Masonry (= 1.1.0)
  - MJRefresh (= 3.1.15.1)
  - ReactiveObjC (= 3.1.0)

SPEC CHECKSUMS:
  AFNetworking: 8ac6017b94ea105479f7776e5288e48ae9c59bb4
  BlocksKit: 7f422b971407001178d181a43b99014ea2591fe6
  Bugly: 2c256069145f550171907c5cb1c0f84ad291f6c1
  Google-Mobile-Ads-SDK: 7f9bc0011df363ae5616449de3682a14c4701612
  GTSDK: 9be6d3c6e7608cb78bb35deba7dbabcde651b0c3
  IQKeyboardManager: 0bfa4607d39924116b5c0c8b55b5d789288b5cba
  JSDecoupledAppDelegate: ec2e9480b893fa27ba3db5b12d51a6d5803c550b
  Mangogo: d5efed62a47b156eed6355c5edffa1a6ced49143
  Masonry: 678fab65091a9290e40e2832a55e7ab731aad201
  MJRefresh: 5f8552bc25ca8751c010f621c1098dbdaacbccd6
  ReactiveObjC: 2a38ea15335de4119d8b17caf1db1484f61db902

PODFILE CHECKSUM: b281f3d78b98f35ecd090d7d8360cdbb9ee63192

COCOAPODS: 1.4.0
