PODS:
  - AFNetworking (3.2.0):
    - AFNetworking/NSURLSession (= 3.2.0)
    - AFNetworking/Reachability (= 3.2.0)
    - AFNetworking/Security (= 3.2.0)
    - AFNetworking/Serialization (= 3.2.0)
    - AFNetworking/UIKit (= 3.2.0)
  - AFNetworking/NSURLSession (3.2.0):
    - AFNetworking/Reachability
    - AFNetworking/Security
    - AFNetworking/Serialization
  - AFNetworking/Reachability (3.2.0)
  - AFNetworking/Security (3.2.0)
  - AFNetworking/Serialization (3.2.0)
  - AFNetworking/UIKit (3.2.0):
    - AFNetworking/NSURLSession
  - Bugly (2.4.7)
  - Google-Mobile-Ads-SDK (7.28.0)
  - GTSDK (2.2.0.0)
  - Mangogo (1.0.1)
  - Masonry (1.1.0)
  - MJRefresh (3.1.15.1)

DEPENDENCIES:
  - AFNetworking (~> 3.0)
  - Bugly (= 2.4.7)
  - Google-Mobile-Ads-SDK
  - GTSDK
  - Mangogo
  - Masonry (= 1.1.0)
  - MJRefresh (= 3.1.15.1)

SPEC CHECKSUMS:
  AFNetworking: 8ac6017b94ea105479f7776e5288e48ae9c59bb4
  Bugly: 2c256069145f550171907c5cb1c0f84ad291f6c1
  Google-Mobile-Ads-SDK: 7f9bc0011df363ae5616449de3682a14c4701612
  GTSDK: 9be6d3c6e7608cb78bb35deba7dbabcde651b0c3
  Mangogo: d5efed62a47b156eed6355c5edffa1a6ced49143
  Masonry: 678fab65091a9290e40e2832a55e7ab731aad201
  MJRefresh: 5f8552bc25ca8751c010f621c1098dbdaacbccd6

PODFILE CHECKSUM: 5e5177ee6086191aba737ca207629c1b7b7a06e0

COCOAPODS: 1.4.0
